
Microsoft Visual Studio Solution File, Format Version 12.00
# Visual Studio 2017
Project("{FAE04EC0-301F-11D3-BF4B-00C04F79EFBC}") = "Project-Spooky", "Project-Spooky.csproj", "{6E14A5AD-CC73-E612-FDE3-6E8B43195F23}"
EndProject
Project("{FAE04EC0-301F-11D3-BF4B-00C04F79EFBC}") = "Project-Spooky.Editor", "Project-Spooky.Editor.csproj", "{64CEE2E7-A4A6-21E1-A63B-F0C634DF817A}"
EndProject
Global
	GlobalSection(SolutionConfigurationPlatforms) = preSolution
		Debug|Any CPU = Debug|Any CPU
		Release|Any CPU = Release|Any CPU
	EndGlobalSection
	GlobalSection(ProjectConfigurationPlatforms) = postSolution
		{6E14A5AD-CC73-E612-FDE3-6E8B43195F23}.Debug|Any CPU.ActiveCfg = Debug|Any CPU
		{6E14A5AD-CC73-E612-FDE3-6E8B43195F23}.Debug|Any CPU.Build.0 = Debug|Any CPU
		{6E14A5AD-CC73-E612-FDE3-6E8B43195F23}.Release|Any CPU.ActiveCfg = Release|Any CPU
		{6E14A5AD-CC73-E612-FDE3-6E8B43195F23}.Release|Any CPU.Build.0 = Release|Any CPU
		{64CEE2E7-A4A6-21E1-A63B-F0C634DF817A}.Debug|Any CPU.ActiveCfg = Debug|Any CPU
		{64CEE2E7-A4A6-21E1-A63B-F0C634DF817A}.Debug|Any CPU.Build.0 = Debug|Any CPU
		{64CEE2E7-A4A6-21E1-A63B-F0C634DF817A}.Release|Any CPU.ActiveCfg = Release|Any CPU
		{64CEE2E7-A4A6-21E1-A63B-F0C634DF817A}.Release|Any CPU.Build.0 = Release|Any CPU
	EndGlobalSection
	GlobalSection(SolutionProperties) = preSolution
		HideSolutionNode = FALSE
	EndGlobalSection
EndGlobal
